PODS:
  - boost (1.76.0)
  - DoubleConversion (1.1.6)
  - FBLazyVector (0.70.7)
  - FBReactNativeSpec (0.70.7):
    - RCT-Folly (= 2021.07.22.00)
    - RCTRequired (= 0.70.7)
    - RCTTypeSafety (= 0.70.7)
    - React-Core (= 0.70.7)
    - React-jsi (= 0.70.7)
    - ReactCommon/turbomodule/core (= 0.70.7)
  - fmt (6.2.1)
  - glog (0.3.5)
  - RCT-Folly (2021.07.22.00):
    - boost
    - DoubleConversion
    - fmt (~> 6.2.1)
    - glog
    - RCT-Folly/Default (= 2021.07.22.00)
  - RCT-Folly/Default (2021.07.22.00):
    - boost
    - DoubleConversion
    - fmt (~> 6.2.1)
    - glog
  - RCTRequired (0.70.7)
  - RCTTypeSafety (0.70.7):
    - FBLazyVector (= 0.70.7)
    - RCTRequired (= 0.70.7)
    - React-Core (= 0.70.7)
  - React (0.70.7):
    - React-Core (= 0.70.7)
    - React-Core/DevSupport (= 0.70.7)
    - React-Core/RCTWebSocket (= 0.70.7)
    - React-RCTActionSheet (= 0.70.7)
    - React-RCTAnimation (= 0.70.7)
    - React-RCTBlob (= 0.70.7)
    - React-RCTImage (= 0.70.7)
    - React-RCTLinking (= 0.70.7)
    - React-RCTNetwork (= 0.70.7)
    - React-RCTSettings (= 0.70.7)
    - React-RCTText (= 0.70.7)
    - React-RCTVibration (= 0.70.7)
  - React-bridging (0.70.7):
    - RCT-Folly (= 2021.07.22.00)
    - React-jsi (= 0.70.7)
  - React-callinvoker (0.70.7)
  - React-Codegen (0.70.7):
    - FBReactNativeSpec (= 0.70.7)
    - RCT-Folly (= 2021.07.22.00)
    - RCTRequired (= 0.70.7)
    - RCTTypeSafety (= 0.70.7)
    - React-Core (= 0.70.7)
    - React-jsi (= 0.70.7)
    - React-jsiexecutor (= 0.70.7)
    - ReactCommon/turbomodule/core (= 0.70.7)
  - React-Core (0.70.7):
    - glog
    - RCT-Folly (= 2021.07.22.00)
    - React-Core/Default (= 0.70.7)
    - React-cxxreact (= 0.70.7)
    - React-jsi (= 0.70.7)
    - React-jsiexecutor (= 0.70.7)
    - React-perflogger (= 0.70.7)
    - Yoga
  - React-Core/CoreModulesHeaders (0.70.7):
    - glog
    - RCT-Folly (= 2021.07.22.00)
    - React-Core/Default
    - React-cxxreact (= 0.70.7)
    - React-jsi (= 0.70.7)
    - React-jsiexecutor (= 0.70.7)
    - React-perflogger (= 0.70.7)
    - Yoga
  - React-Core/Default (0.70.7):
    - glog
    - RCT-Folly (= 2021.07.22.00)
    - React-cxxreact (= 0.70.7)
    - React-jsi (= 0.70.7)
    - React-jsiexecutor (= 0.70.7)
    - React-perflogger (= 0.70.7)
    - Yoga
  - React-Core/DevSupport (0.70.7):
    - glog
    - RCT-Folly (= 2021.07.22.00)
    - React-Core/Default (= 0.70.7)
    - React-Core/RCTWebSocket (= 0.70.7)
    - React-cxxreact (= 0.70.7)
    - React-jsi (= 0.70.7)
    - React-jsiexecutor (= 0.70.7)
    - React-jsinspector (= 0.70.7)
    - React-perflogger (= 0.70.7)
    - Yoga
  - React-Core/RCTActionSheetHeaders (0.70.7):
    - glog
    - RCT-Folly (= 2021.07.22.00)
    - React-Core/Default
    - React-cxxreact (= 0.70.7)
    - React-jsi (= 0.70.7)
    - React-jsiexecutor (= 0.70.7)
    - React-perflogger (= 0.70.7)
    - Yoga
  - React-Core/RCTAnimationHeaders (0.70.7):
    - glog
    - RCT-Folly (= 2021.07.22.00)
    - React-Core/Default
    - React-cxxreact (= 0.70.7)
    - React-jsi (= 0.70.7)
    - React-jsiexecutor (= 0.70.7)
    - React-perflogger (= 0.70.7)
    - Yoga
  - React-Core/RCTBlobHeaders (0.70.7):
    - glog
    - RCT-Folly (= 2021.07.22.00)
    - React-Core/Default
    - React-cxxreact (= 0.70.7)
    - React-jsi (= 0.70.7)
    - React-jsiexecutor (= 0.70.7)
    - React-perflogger (= 0.70.7)
    - Yoga
  - React-Core/RCTImageHeaders (0.70.7):
    - glog
    - RCT-Folly (= 2021.07.22.00)
    - React-Core/Default
    - React-cxxreact (= 0.70.7)
    - React-jsi (= 0.70.7)
    - React-jsiexecutor (= 0.70.7)
    - React-perflogger (= 0.70.7)
    - Yoga
  - React-Core/RCTLinkingHeaders (0.70.7):
    - glog
    - RCT-Folly (= 2021.07.22.00)
    - React-Core/Default
    - React-cxxreact (= 0.70.7)
    - React-jsi (= 0.70.7)
    - React-jsiexecutor (= 0.70.7)
    - React-perflogger (= 0.70.7)
    - Yoga
  - React-Core/RCTNetworkHeaders (0.70.7):
    - glog
    - RCT-Folly (= 2021.07.22.00)
    - React-Core/Default
    - React-cxxreact (= 0.70.7)
    - React-jsi (= 0.70.7)
    - React-jsiexecutor (= 0.70.7)
    - React-perflogger (= 0.70.7)
    - Yoga
  - React-Core/RCTSettingsHeaders (0.70.7):
    - glog
    - RCT-Folly (= 2021.07.22.00)
    - React-Core/Default
    - React-cxxreact (= 0.70.7)
    - React-jsi (= 0.70.7)
    - React-jsiexecutor (= 0.70.7)
    - React-perflogger (= 0.70.7)
    - Yoga
  - React-Core/RCTTextHeaders (0.70.7):
    - glog
    - RCT-Folly (= 2021.07.22.00)
    - React-Core/Default
    - React-cxxreact (= 0.70.7)
    - React-jsi (= 0.70.7)
    - React-jsiexecutor (= 0.70.7)
    - React-perflogger (= 0.70.7)
    - Yoga
  - React-Core/RCTVibrationHeaders (0.70.7):
    - glog
    - RCT-Folly (= 2021.07.22.00)
    - React-Core/Default
    - React-cxxreact (= 0.70.7)
    - React-jsi (= 0.70.7)
    - React-jsiexecutor (= 0.70.7)
    - React-perflogger (= 0.70.7)
    - Yoga
  - React-Core/RCTWebSocket (0.70.7):
    - glog
    - RCT-Folly (= 2021.07.22.00)
    - React-Core/Default (= 0.70.7)
    - React-cxxreact (= 0.70.7)
    - React-jsi (= 0.70.7)
    - React-jsiexecutor (= 0.70.7)
    - React-perflogger (= 0.70.7)
    - Yoga
  - React-CoreModules (0.70.7):
    - RCT-Folly (= 2021.07.22.00)
    - RCTTypeSafety (= 0.70.7)
    - React-Codegen (= 0.70.7)
    - React-Core/CoreModulesHeaders (= 0.70.7)
    - React-jsi (= 0.70.7)
    - React-RCTImage (= 0.70.7)
    - ReactCommon/turbomodule/core (= 0.70.7)
  - React-cxxreact (0.70.7):
    - boost (= 1.76.0)
    - DoubleConversion
    - glog
    - RCT-Folly (= 2021.07.22.00)
    - React-callinvoker (= 0.70.7)
    - React-jsi (= 0.70.7)
    - React-jsinspector (= 0.70.7)
    - React-logger (= 0.70.7)
    - React-perflogger (= 0.70.7)
    - React-runtimeexecutor (= 0.70.7)
  - React-jsi (0.70.7):
    - boost (= 1.76.0)
    - DoubleConversion
    - glog
    - RCT-Folly (= 2021.07.22.00)
    - React-jsi/Default (= 0.70.7)
  - React-jsi/Default (0.70.7):
    - boost (= 1.76.0)
    - DoubleConversion
    - glog
    - RCT-Folly (= 2021.07.22.00)
  - React-jsiexecutor (0.70.7):
    - DoubleConversion
    - glog
    - RCT-Folly (= 2021.07.22.00)
    - React-cxxreact (= 0.70.7)
    - React-jsi (= 0.70.7)
    - React-perflogger (= 0.70.7)
  - React-jsinspector (0.70.7)
  - React-logger (0.70.7):
    - glog
  - react-native-document-picker (8.1.0):
    - React-Core
  - react-native-menu (0.7.3):
    - React
  - react-native-safe-area-context (4.5.0):
    - RCT-Folly
    - RCTRequired
    - RCTTypeSafety
    - React-Core
    - ReactCommon/turbomodule/core
  - react-native-segmented-control (2.4.0):
    - React-Core
  - react-native-theme-control (1.2.0):
    - React-Core
  - React-perflogger (0.70.7)
  - React-RCTActionSheet (0.70.7):
    - React-Core/RCTActionSheetHeaders (= 0.70.7)
  - React-RCTAnimation (0.70.7):
    - RCT-Folly (= 2021.07.22.00)
    - RCTTypeSafety (= 0.70.7)
    - React-Codegen (= 0.70.7)
    - React-Core/RCTAnimationHeaders (= 0.70.7)
    - React-jsi (= 0.70.7)
    - ReactCommon/turbomodule/core (= 0.70.7)
  - React-RCTBlob (0.70.7):
    - RCT-Folly (= 2021.07.22.00)
    - React-Codegen (= 0.70.7)
    - React-Core/RCTBlobHeaders (= 0.70.7)
    - React-Core/RCTWebSocket (= 0.70.7)
    - React-jsi (= 0.70.7)
    - React-RCTNetwork (= 0.70.7)
    - ReactCommon/turbomodule/core (= 0.70.7)
  - React-RCTImage (0.70.7):
    - RCT-Folly (= 2021.07.22.00)
    - RCTTypeSafety (= 0.70.7)
    - React-Codegen (= 0.70.7)
    - React-Core/RCTImageHeaders (= 0.70.7)
    - React-jsi (= 0.70.7)
    - React-RCTNetwork (= 0.70.7)
    - ReactCommon/turbomodule/core (= 0.70.7)
  - React-RCTLinking (0.70.7):
    - React-Codegen (= 0.70.7)
    - React-Core/RCTLinkingHeaders (= 0.70.7)
    - React-jsi (= 0.70.7)
    - ReactCommon/turbomodule/core (= 0.70.7)
  - React-RCTNetwork (0.70.7):
    - RCT-Folly (= 2021.07.22.00)
    - RCTTypeSafety (= 0.70.7)
    - React-Codegen (= 0.70.7)
    - React-Core/RCTNetworkHeaders (= 0.70.7)
    - React-jsi (= 0.70.7)
    - ReactCommon/turbomodule/core (= 0.70.7)
  - React-RCTSettings (0.70.7):
    - RCT-Folly (= 2021.07.22.00)
    - RCTTypeSafety (= 0.70.7)
    - React-Codegen (= 0.70.7)
    - React-Core/RCTSettingsHeaders (= 0.70.7)
    - React-jsi (= 0.70.7)
    - ReactCommon/turbomodule/core (= 0.70.7)
  - React-RCTText (0.70.7):
    - React-Core/RCTTextHeaders (= 0.70.7)
  - React-RCTVibration (0.70.7):
    - RCT-Folly (= 2021.07.22.00)
    - React-Codegen (= 0.70.7)
    - React-Core/RCTVibrationHeaders (= 0.70.7)
    - React-jsi (= 0.70.7)
    - ReactCommon/turbomodule/core (= 0.70.7)
  - React-runtimeexecutor (0.70.7):
    - React-jsi (= 0.70.7)
  - ReactCommon/turbomodule/core (0.70.7):
    - DoubleConversion
    - glog
    - RCT-Folly (= 2021.07.22.00)
    - React-bridging (= 0.70.7)
    - React-callinvoker (= 0.70.7)
    - React-Core (= 0.70.7)
    - React-cxxreact (= 0.70.7)
    - React-jsi (= 0.70.7)
    - React-logger (= 0.70.7)
    - React-perflogger (= 0.70.7)
  - ReactTestApp-DevSupport (2.3.5):
    - React-Core
    - React-jsi
  - ReactTestApp-Resources (1.0.0-dev)
  - RNDateTimePicker (6.1.3):
    - React-Core
  - RNScreens (3.19.0):
    - React-Core
    - React-RCTImage
  - Yoga (1.14.0)

DEPENDENCIES:
  - boost (from `../../node_modules/react-native/third-party-podspecs/boost.podspec`)
  - DoubleConversion (from `../../node_modules/react-native/third-party-podspecs/DoubleConversion.podspec`)
  - FBLazyVector (from `../../node_modules/react-native/Libraries/FBLazyVector`)
  - FBReactNativeSpec (from `../../node_modules/react-native/React/FBReactNativeSpec`)
  - glog (from `../../node_modules/react-native/third-party-podspecs/glog.podspec`)
  - RCT-Folly (from `../../node_modules/react-native/third-party-podspecs/RCT-Folly.podspec`)
  - RCTRequired (from `../../node_modules/react-native/Libraries/RCTRequired`)
  - RCTTypeSafety (from `../../node_modules/react-native/Libraries/TypeSafety`)
  - React (from `../../node_modules/react-native/`)
  - React-bridging (from `../../node_modules/react-native/ReactCommon`)
  - React-callinvoker (from `../../node_modules/react-native/ReactCommon/callinvoker`)
  - React-Codegen (from `build/generated/ios`)
  - React-Core (from `../../node_modules/react-native/`)
  - React-Core/RCTWebSocket (from `../../node_modules/react-native/`)
  - React-CoreModules (from `../../node_modules/react-native/React/CoreModules`)
  - React-cxxreact (from `../../node_modules/react-native/ReactCommon/cxxreact`)
  - React-jsi (from `../../node_modules/react-native/ReactCommon/jsi`)
  - React-jsiexecutor (from `../../node_modules/react-native/ReactCommon/jsiexecutor`)
  - React-jsinspector (from `../../node_modules/react-native/ReactCommon/jsinspector`)
  - React-logger (from `../../node_modules/react-native/ReactCommon/logger`)
  - react-native-document-picker (from `../../node_modules/react-native-document-picker`)
  - "react-native-menu (from `../../node_modules/@react-native-menu/menu`)"
  - react-native-safe-area-context (from `../../node_modules/react-native-safe-area-context`)
  - "react-native-segmented-control (from `../../node_modules/@react-native-segmented-control/segmented-control`)"
  - react-native-theme-control (from `../..`)
  - React-perflogger (from `../../node_modules/react-native/ReactCommon/reactperflogger`)
  - React-RCTActionSheet (from `../../node_modules/react-native/Libraries/ActionSheetIOS`)
  - React-RCTAnimation (from `../../node_modules/react-native/Libraries/NativeAnimation`)
  - React-RCTBlob (from `../../node_modules/react-native/Libraries/Blob`)
  - React-RCTImage (from `../../node_modules/react-native/Libraries/Image`)
  - React-RCTLinking (from `../../node_modules/react-native/Libraries/LinkingIOS`)
  - React-RCTNetwork (from `../../node_modules/react-native/Libraries/Network`)
  - React-RCTSettings (from `../../node_modules/react-native/Libraries/Settings`)
  - React-RCTText (from `../../node_modules/react-native/Libraries/Text`)
  - React-RCTVibration (from `../../node_modules/react-native/Libraries/Vibration`)
  - React-runtimeexecutor (from `../../node_modules/react-native/ReactCommon/runtimeexecutor`)
  - ReactCommon/turbomodule/core (from `../../node_modules/react-native/ReactCommon`)
  - ReactTestApp-DevSupport (from `../../node_modules/react-native-test-app`)
  - ReactTestApp-Resources (from `..`)
  - "RNDateTimePicker (from `../../node_modules/@react-native-community/datetimepicker`)"
  - RNScreens (from `../../node_modules/react-native-screens`)
  - Yoga (from `../../node_modules/react-native/ReactCommon/yoga`)

SPEC REPOS:
  trunk:
    - fmt

EXTERNAL SOURCES:
  boost:
    :podspec: "../../node_modules/react-native/third-party-podspecs/boost.podspec"
  DoubleConversion:
    :podspec: "../../node_modules/react-native/third-party-podspecs/DoubleConversion.podspec"
  FBLazyVector:
    :path: "../../node_modules/react-native/Libraries/FBLazyVector"
  FBReactNativeSpec:
    :path: "../../node_modules/react-native/React/FBReactNativeSpec"
  glog:
    :podspec: "../../node_modules/react-native/third-party-podspecs/glog.podspec"
  RCT-Folly:
    :podspec: "../../node_modules/react-native/third-party-podspecs/RCT-Folly.podspec"
  RCTRequired:
    :path: "../../node_modules/react-native/Libraries/RCTRequired"
  RCTTypeSafety:
    :path: "../../node_modules/react-native/Libraries/TypeSafety"
  React:
    :path: "../../node_modules/react-native/"
  React-bridging:
    :path: "../../node_modules/react-native/ReactCommon"
  React-callinvoker:
    :path: "../../node_modules/react-native/ReactCommon/callinvoker"
  React-Codegen:
    :path: build/generated/ios
  React-Core:
    :path: "../../node_modules/react-native/"
  React-CoreModules:
    :path: "../../node_modules/react-native/React/CoreModules"
  React-cxxreact:
    :path: "../../node_modules/react-native/ReactCommon/cxxreact"
  React-jsi:
    :path: "../../node_modules/react-native/ReactCommon/jsi"
  React-jsiexecutor:
    :path: "../../node_modules/react-native/ReactCommon/jsiexecutor"
  React-jsinspector:
    :path: "../../node_modules/react-native/ReactCommon/jsinspector"
  React-logger:
    :path: "../../node_modules/react-native/ReactCommon/logger"
  react-native-document-picker:
    :path: "../../node_modules/react-native-document-picker"
  react-native-menu:
    :path: "../../node_modules/@react-native-menu/menu"
  react-native-safe-area-context:
    :path: "../../node_modules/react-native-safe-area-context"
  react-native-segmented-control:
    :path: "../../node_modules/@react-native-segmented-control/segmented-control"
  react-native-theme-control:
    :path: "../.."
  React-perflogger:
    :path: "../../node_modules/react-native/ReactCommon/reactperflogger"
  React-RCTActionSheet:
    :path: "../../node_modules/react-native/Libraries/ActionSheetIOS"
  React-RCTAnimation:
    :path: "../../node_modules/react-native/Libraries/NativeAnimation"
  React-RCTBlob:
    :path: "../../node_modules/react-native/Libraries/Blob"
  React-RCTImage:
    :path: "../../node_modules/react-native/Libraries/Image"
  React-RCTLinking:
    :path: "../../node_modules/react-native/Libraries/LinkingIOS"
  React-RCTNetwork:
    :path: "../../node_modules/react-native/Libraries/Network"
  React-RCTSettings:
    :path: "../../node_modules/react-native/Libraries/Settings"
  React-RCTText:
    :path: "../../node_modules/react-native/Libraries/Text"
  React-RCTVibration:
    :path: "../../node_modules/react-native/Libraries/Vibration"
  React-runtimeexecutor:
    :path: "../../node_modules/react-native/ReactCommon/runtimeexecutor"
  ReactCommon:
    :path: "../../node_modules/react-native/ReactCommon"
  ReactTestApp-DevSupport:
    :path: "../../node_modules/react-native-test-app"
  ReactTestApp-Resources:
    :path: ".."
  RNDateTimePicker:
    :path: "../../node_modules/@react-native-community/datetimepicker"
  RNScreens:
    :path: "../../node_modules/react-native-screens"
  Yoga:
    :path: "../../node_modules/react-native/ReactCommon/yoga"

SPEC CHECKSUMS:
  boost: a7c83b31436843459a1961bfd74b96033dc77234
  DoubleConversion: 5189b271737e1565bdce30deb4a08d647e3f5f54
  FBLazyVector: a6454570f573a0f6f1d397e5a95c13e8e45d1700
  FBReactNativeSpec: eef24f59fe53cdcfa83a58ef49fd6b1f3b548153
  fmt: ff9d55029c625d3757ed641535fd4a75fedc7ce9
  glog: 04b94705f318337d7ead9e6d17c019bd9b1f6b1b
  RCT-Folly: 0080d0a6ebf2577475bda044aa59e2ca1f909cda
  RCTRequired: 837880d26ec119e105317dc28a456f3016bf16d1
  RCTTypeSafety: 5c854c04c3383cab04f404e25d408ed52124b300
  React: ec6efc54c0fbb7c2e7147624c78065be80753082
  React-bridging: 7dd96a58f896a1a7422a491d17ec644e87277953
  React-callinvoker: f348d204f7bbe6020d4fd0dd57303f5b48a28003
  React-Codegen: 73350192a09163a640c23baf795464474be0d793
  React-Core: c57b11fd672421049038ef36881372da2605a0cd
  React-CoreModules: 2d91acffc3924adac6b508e3fc44121aa719ec40
  React-cxxreact: ee2ab13a1db086dc152421aa42dc94cc68f412a1
  React-jsi: 04031a830f9714e95d517153817ba7bfc15bfdf8
  React-jsiexecutor: e95cdd036e7947ddf87f3049319ac3064deb76b5
  React-jsinspector: 1c34fea1868136ecde647bc11fae9266d4143693
  React-logger: e9f407f9fdf3f3ce7749ae6f88affe63e8446019
  react-native-document-picker: 5663fe4bcdb646200683a41790464d2793307ac8
  react-native-menu: 9d7d6f819cc7fa14a15cf86888c53f3240d86f1b
  react-native-safe-area-context: 39c2d8be3328df5d437ac1700f4f3a4f75716acc
  react-native-segmented-control: 06607462630512ff8eef652ec560e6235a30cc3e
  react-native-theme-control: 57671826e0b963e719368d7a544fb23eb35c74e0
  React-perflogger: 52a94f38c19a518d05726624b49bfc192639374d
  React-RCTActionSheet: 7b89fe64a852bc3ae39b91dbd142ef09931ef3f7
  React-RCTAnimation: ad84bfbf8c5f6f77e65092d0c2b0506b80b5cf99
  React-RCTBlob: e4ee3ab649459329f5aa59d903762bfbd6164220
  React-RCTImage: aeb508f6ac80a94904a646dde61b0f67ea757ea7
  React-RCTLinking: 1171b3fdc265c479b7039069ce7e8fef68ca70aa
  React-RCTNetwork: 5d87cc4afd1fcef86fb2f804f26366f0314769fe
  React-RCTSettings: 644545854880b7d03c49f620664a307fd4613a1d
  React-RCTText: f8e4a283be2290a76b89f4a83ba2277faf90930d
  React-RCTVibration: eb7837d55b87c7a4ead3ab7632ad70dca87c65dc
  React-runtimeexecutor: 7cec9ed92ebde8309902530bb566819645c84ee5
  ReactCommon: 0253d197eaa7f6689dcd3e7d5360449ab93e10df
  ReactTestApp-DevSupport: edff24db2d8381e6f5f98c6d82573bcf638d2b4d
  ReactTestApp-Resources: ff5f151e465e890010b417ce65ca6c5de6aeccbb
  RNDateTimePicker: 04b805a3cb4d386e5e6aff54b47ace7bad706fda
  RNScreens: ea4cd3a853063cda19a4e3c28d2e52180c80f4eb
  Yoga: 92d086bb705a41cc588599b51db726ba7b1d341c

PODFILE CHECKSUM: b28dac99daa601aabfff531cdaa868115598748d

COCOAPODS: 1.11.3
